# This file is generated by running "yarn install" inside your project.
# Manual changes might be lost - proceed with caution!

__metadata:
  version: 6
  cacheKey: 8

"@babel/runtime@npm:^7.12.5":
  version: 7.23.2
  resolution: "@babel/runtime@npm:7.23.2"
  dependencies:
    regenerator-runtime: ^0.14.0
  checksum: 6c4df4839ec75ca10175f636d6362f91df8a3137f86b38f6cd3a4c90668a0fe8e9281d320958f4fbd43b394988958585a17c3aab2a4ea6bf7316b22916a371fb
  languageName: node
  linkType: hard

"@matrix-org/matrix-sdk-crypto-wasm@npm:^1.2.3-alpha.0":
  version: 1.3.0
  resolution: "@matrix-org/matrix-sdk-crypto-wasm@npm:1.3.0"
  checksum: af9708b7829319afad799447b85506456d3e2b041e37585127c260ecc9e64fd0bab8818a82473303840365951e042632c912132603f7af4761e545199bd6de9b
  languageName: node
  linkType: hard

"@types/events@npm:^3.0.0":
  version: 3.0.1
  resolution: "@types/events@npm:3.0.1"
  checksum: 68546116c3d00c47bacda1b475e5a01c30eb6cebfa00609725f7446d3ff4d448d8209f426117c0c7767ac97cdf494548b53c8dbd82a48336a4aac2664b9068b7
  languageName: node
  linkType: hard

"@types/retry@npm:0.12.0":
  version: 0.12.0
  resolution: "@types/retry@npm:0.12.0"
  checksum: 61a072c7639f6e8126588bf1eb1ce8835f2cb9c2aba795c4491cf6310e013267b0c8488039857c261c387e9728c1b43205099223f160bb6a76b4374f741b5603
  languageName: node
  linkType: hard

"another-json@npm:^0.2.0":
  version: 0.2.0
  resolution: "another-json@npm:0.2.0"
  checksum: b1d27bd5d7a35364ff2e8eb66e65ef9a53f3ab84f7a4ae38495bf14ba0b346654f107487b4f2f247dbe6a22a8fb4ca2a94330738176516b78494e641fce05178
  languageName: node
  linkType: hard

"base-x@npm:^4.0.0":
  version: 4.0.0
  resolution: "base-x@npm:4.0.0"
  checksum: b25db9e07eb1998472a20557c7f00c797dc0595f79df95155ab74274e7fa98b9f2659b3ee547ac8773666b7f69540656793aeb97ad2b1ceccdb6fa5faaf69ac0
  languageName: node
  linkType: hard

"bs58@npm:^5.0.0":
  version: 5.0.0
  resolution: "bs58@npm:5.0.0"
  dependencies:
    base-x: ^4.0.0
  checksum: 2475cb0684e07077521aac718e604a13e0f891d58cff923d437a2f7e9e28703ab39fce9f84c7c703ab369815a675f11e3bd394d38643bfe8969fbe42e6833d45
  languageName: node
  linkType: hard

"catBot@workspace:.":
  version: 0.0.0-use.local
  resolution: "catBot@workspace:."
  dependencies:
    matrix-js-sdk: ^29.0.0
  languageName: unknown
  linkType: soft

"content-type@npm:^1.0.4":
  version: 1.0.5
  resolution: "content-type@npm:1.0.5"
  checksum: 566271e0a251642254cde0f845f9dd4f9856e52d988f4eb0d0dcffbb7a1f8ec98de7a5215fc628f3bce30fe2fb6fd2bc064b562d721658c59b544e2d34ea2766
  languageName: node
  linkType: hard

"crypto-js@npm:^4.1.1":
  version: 4.1.1
  resolution: "crypto-js@npm:4.1.1"
  checksum: b3747c12ee3a7632fab3b3e171ea50f78b182545f0714f6d3e7e2858385f0f4101a15f2517e033802ce9d12ba50a391575ff4638c9de3dd9b2c4bc47768d5425
  languageName: node
  linkType: hard

"events@npm:^3.2.0":
  version: 3.3.0
  resolution: "events@npm:3.3.0"
  checksum: f6f487ad2198aa41d878fa31452f1a3c00958f46e9019286ff4787c84aac329332ab45c9cdc8c445928fc6d7ded294b9e005a7fce9426488518017831b272780
  languageName: node
  linkType: hard

"jwt-decode@npm:^3.1.2":
  version: 3.1.2
  resolution: "jwt-decode@npm:3.1.2"
  checksum: 20a4b072d44ce3479f42d0d2c8d3dabeb353081ba4982e40b83a779f2459a70be26441be6c160bfc8c3c6eadf9f6380a036fbb06ac5406b5674e35d8c4205eeb
  languageName: node
  linkType: hard

"loglevel@npm:^1.7.1":
  version: 1.8.1
  resolution: "loglevel@npm:1.8.1"
  checksum: a1a62db40291aaeaef2f612334c49e531bff71cc1d01a2acab689ab80d59e092f852ab164a5aedc1a752fdc46b7b162cb097d8a9eb2cf0b299511106c29af61d
  languageName: node
  linkType: hard

"matrix-events-sdk@npm:0.0.1":
  version: 0.0.1
  resolution: "matrix-events-sdk@npm:0.0.1"
  checksum: 18b61a1a2cd9947e5cec4f9332186f5609e3a47c6c6e775b306e9af0e12babcdb2f68459133c4d44ebc5a7e5ee60e7528813dfccb80d8a8b55668338cd81ee49
  languageName: node
  linkType: hard

"matrix-js-sdk@npm:^29.0.0":
  version: 29.0.0
  resolution: "matrix-js-sdk@npm:29.0.0"
  dependencies:
    "@babel/runtime": ^7.12.5
    "@matrix-org/matrix-sdk-crypto-wasm": ^1.2.3-alpha.0
    another-json: ^0.2.0
    bs58: ^5.0.0
    content-type: ^1.0.4
    jwt-decode: ^3.1.2
    loglevel: ^1.7.1
    matrix-events-sdk: 0.0.1
    matrix-widget-api: ^1.6.0
    oidc-client-ts: ^2.2.4
    p-retry: 4
    sdp-transform: ^2.14.1
    unhomoglyph: ^1.0.6
    uuid: 9
  checksum: b405a070d7cbdfdfe636ccf56117c52b661a5153a2fba82cd804211b978ab9779b857679316a42d5d142abc796eb852bf6c1f57b06b9b987d7788f05c6757b95
  languageName: node
  linkType: hard

"matrix-widget-api@npm:^1.6.0":
  version: 1.6.0
  resolution: "matrix-widget-api@npm:1.6.0"
  dependencies:
    "@types/events": ^3.0.0
    events: ^3.2.0
  checksum: 0263dfc0ce6f73b3b0bff3ac656d1c20407b8bdc15aae7ff8b2f2beac88a37b8aebcd6f3504bae8fc4ceb654b96f68d52f50208379578933b0006e87918198d5
  languageName: node
  linkType: hard

"oidc-client-ts@npm:^2.2.4":
  version: 2.3.0
  resolution: "oidc-client-ts@npm:2.3.0"
  dependencies:
    crypto-js: ^4.1.1
    jwt-decode: ^3.1.2
  checksum: 74e20b8df748f901d67aba176f5f68bd8aa5ff7eed92dc92f34479dddc49e238dc722c757c5ab0f3365d170e3031343f650c789b51baa01062e8975c7580e15d
  languageName: node
  linkType: hard

"p-retry@npm:4":
  version: 4.6.2
  resolution: "p-retry@npm:4.6.2"
  dependencies:
    "@types/retry": 0.12.0
    retry: ^0.13.1
  checksum: 45c270bfddaffb4a895cea16cb760dcc72bdecb6cb45fef1971fa6ea2e91ddeafddefe01e444ac73e33b1b3d5d29fb0dd18a7effb294262437221ddc03ce0f2e
  languageName: node
  linkType: hard

"regenerator-runtime@npm:^0.14.0":
  version: 0.14.0
  resolution: "regenerator-runtime@npm:0.14.0"
  checksum: 1c977ad82a82a4412e4f639d65d22be376d3ebdd30da2c003eeafdaaacd03fc00c2320f18120007ee700900979284fc78a9f00da7fb593f6e6eeebc673fba9a3
  languageName: node
  linkType: hard

"retry@npm:^0.13.1":
  version: 0.13.1
  resolution: "retry@npm:0.13.1"
  checksum: 47c4d5be674f7c13eee4cfe927345023972197dbbdfba5d3af7e461d13b44de1bfd663bfc80d2f601f8ef3fc8164c16dd99655a221921954a65d044a2fc1233b
  languageName: node
  linkType: hard

"sdp-transform@npm:^2.14.1":
  version: 2.14.1
  resolution: "sdp-transform@npm:2.14.1"
  bin:
    sdp-verify: checker.js
  checksum: 8b3179786db1a0f1ebfdacb1ac0dfe2833e63e8c64b638884cec212455061d53beaa8d9c8bf76fdbd5f844b7885f3892adec27e87734cfbc2b3e5c65e18a489b
  languageName: node
  linkType: hard

"unhomoglyph@npm:^1.0.6":
  version: 1.0.6
  resolution: "unhomoglyph@npm:1.0.6"
  checksum: 2401fa3f8129fb1093d9ae59680b1dc8e395016e48401f9e706861a6edd28cafc60b0ac7e001cc127ee544942ed16236881b969afd856c28ebfe5d77afa1f0c2
  languageName: node
  linkType: hard

"uuid@npm:9":
  version: 9.0.1
  resolution: "uuid@npm:9.0.1"
  bin:
    uuid: dist/bin/uuid
  checksum: 39931f6da74e307f51c0fb463dc2462807531dc80760a9bff1e35af4316131b4fc3203d16da60ae33f07fdca5b56f3f1dd662da0c99fea9aaeab2004780cc5f4
  languageName: node
  linkType: hard
